
Microsoft Visual Studio Solution File, Format Version 12.00
# Visual Studio Version 17
VisualStudioVersion = 17.11.35222.181
MinimumVisualStudioVersion = 10.0.40219.1
Project("{9A19103F-16F7-4668-BE54-9A1E7A4F7556}") = "What2Play Presentation", "What2Play Presentation\What2Play Presentation.csproj", "{BA918F48-E136-4DEF-B0A5-0CBB67C2C5FA}"
EndProject
Project("{9A19103F-16F7-4668-BE54-9A1E7A4F7556}") = "What2Play Logic", "What2Play Logic\What2Play Logic.csproj", "{AFCD1A54-4A2D-4E13-8E3C-CDA9E9367AD4}"
EndProject
Project("{9A19103F-16F7-4668-BE54-9A1E7A4F7556}") = "What2Play Data", "What2Play Data\What2Play Data.csproj", "{ECFC7DCF-0E02-4594-A589-903920A0E0CF}"
EndProject
Global
	GlobalSection(SolutionConfigurationPlatforms) = preSolution
		Debug|Any CPU = Debug|Any CPU
		Release|Any CPU = Release|Any CPU
	EndGlobalSection
	GlobalSection(ProjectConfigurationPlatforms) = postSolution
		{BA918F48-E136-4DEF-B0A5-0CBB67C2C5FA}.Debug|Any CPU.ActiveCfg = Debug|Any CPU
		{BA918F48-E136-4DEF-B0A5-0CBB67C2C5FA}.Debug|Any CPU.Build.0 = Debug|Any CPU
		{BA918F48-E136-4DEF-B0A5-0CBB67C2C5FA}.Release|Any CPU.ActiveCfg = Release|Any CPU
		{BA918F48-E136-4DEF-B0A5-0CBB67C2C5FA}.Release|Any CPU.Build.0 = Release|Any CPU
		{AFCD1A54-4A2D-4E13-8E3C-CDA9E9367AD4}.Debug|Any CPU.ActiveCfg = Debug|Any CPU
		{AFCD1A54-4A2D-4E13-8E3C-CDA9E9367AD4}.Debug|Any CPU.Build.0 = Debug|Any CPU
		{AFCD1A54-4A2D-4E13-8E3C-CDA9E9367AD4}.Release|Any CPU.ActiveCfg = Release|Any CPU
		{AFCD1A54-4A2D-4E13-8E3C-CDA9E9367AD4}.Release|Any CPU.Build.0 = Release|Any CPU
		{ECFC7DCF-0E02-4594-A589-903920A0E0CF}.Debug|Any CPU.ActiveCfg = Debug|Any CPU
		{ECFC7DCF-0E02-4594-A589-903920A0E0CF}.Debug|Any CPU.Build.0 = Debug|Any CPU
		{ECFC7DCF-0E02-4594-A589-903920A0E0CF}.Release|Any CPU.ActiveCfg = Release|Any CPU
		{ECFC7DCF-0E02-4594-A589-903920A0E0CF}.Release|Any CPU.Build.0 = Release|Any CPU
	EndGlobalSection
	GlobalSection(SolutionProperties) = preSolution
		HideSolutionNode = FALSE
	EndGlobalSection
	GlobalSection(ExtensibilityGlobals) = postSolution
		SolutionGuid = {E7893864-C2BF-4B8E-8DD7-99D8BC8643F6}
	EndGlobalSection
EndGlobal
